
Microsoft Visual Studio Solution File, Format Version 12.00
# Visual Studio Version 17
VisualStudioVersion = 17.10.34916.146
MinimumVisualStudioVersion = 10.0.40219.1
Project("{FAE04EC0-301F-11D3-BF4B-00C04F79EFBC}") = "TVA_CAR", "TVA_CAR\TVA_CAR.csproj", "{575401AA-EB51-492D-83D3-202CB134198C}"
EndProject
Global
	GlobalSection(SolutionConfigurationPlatforms) = preSolution
		Debug|Any CPU = Debug|Any CPU
		Release|Any CPU = Release|Any CPU
	EndGlobalSection
	GlobalSection(ProjectConfigurationPlatforms) = postSolution
		{575401AA-EB51-492D-83D3-202CB134198C}.Debug|Any CPU.ActiveCfg = Debug|Any CPU
		{575401AA-EB51-492D-83D3-202CB134198C}.Debug|Any CPU.Build.0 = Debug|Any CPU
		{575401AA-EB51-492D-83D3-202CB134198C}.Release|Any CPU.ActiveCfg = Release|Any CPU
		{575401AA-EB51-492D-83D3-202CB134198C}.Release|Any CPU.Build.0 = Release|Any CPU
	EndGlobalSection
	GlobalSection(SolutionProperties) = preSolution
		HideSolutionNode = FALSE
	EndGlobalSection
	GlobalSection(ExtensibilityGlobals) = postSolution
		SolutionGuid = {E4313D62-1409-4295-8454-3A6A9E3C9079}
	EndGlobalSection
EndGlobal
